
Microsoft Visual Studio Solution File, Format Version 12.00
# Visual Studio Version 17
VisualStudioVersion = 17.1.32328.378
MinimumVisualStudioVersion = 10.0.40219.1
Project("{8BC9CEB8-8B4A-11D0-8D11-00A0C91BC942}") = "SFML_GAME_", "SFML_GAME_\SFML_GAME_.vcxproj", "{E6AAE9CA-420A-49BC-A0DE-40A3C79B7A3A}"
EndProject
Global
	GlobalSection(SolutionConfigurationPlatforms) = preSolution
		Debug|x64 = Debug|x64
		Debug|x86 = Debug|x86
		Release|x64 = Release|x64
		Release|x86 = Release|x86
	EndGlobalSection
	GlobalSection(ProjectConfigurationPlatforms) = postSolution
		{E6AAE9CA-420A-49BC-A0DE-40A3C79B7A3A}.Debug|x64.ActiveCfg = Debug|x64
		{E6AAE9CA-420A-49BC-A0DE-40A3C79B7A3A}.Debug|x64.Build.0 = Debug|x64
		{E6AAE9CA-420A-49BC-A0DE-40A3C79B7A3A}.Debug|x86.ActiveCfg = Debug|Win32
		{E6AAE9CA-420A-49BC-A0DE-40A3C79B7A3A}.Debug|x86.Build.0 = Debug|Win32
		{E6AAE9CA-420A-49BC-A0DE-40A3C79B7A3A}.Release|x64.ActiveCfg = Release|x64
		{E6AAE9CA-420A-49BC-A0DE-40A3C79B7A3A}.Release|x64.Build.0 = Release|x64
		{E6AAE9CA-420A-49BC-A0DE-40A3C79B7A3A}.Release|x86.ActiveCfg = Release|Win32
		{E6AAE9CA-420A-49BC-A0DE-40A3C79B7A3A}.Release|x86.Build.0 = Release|Win32
	EndGlobalSection
	GlobalSection(SolutionProperties) = preSolution
		HideSolutionNode = FALSE
	EndGlobalSection
	GlobalSection(ExtensibilityGlobals) = postSolution
		SolutionGuid = {11297396-EB29-478A-BF95-2A2C00AE93C2}
	EndGlobalSection
EndGlobal
